
Microsoft Visual Studio Solution File, Format Version 12.00
# Visual Studio Version 17
VisualStudioVersion = 17.2.32630.192
MinimumVisualStudioVersion = 10.0.40219.1
Project("{FAE04EC0-301F-11D3-BF4B-00C04F79EFBC}") = "KnifeMultipiersSN", "Subnautica mod\KnifeMultipiersSN.csproj", "{4C400145-1A68-4DA3-B3D5-A1D7C6BEBFB8}"
EndProject
Project("{FAE04EC0-301F-11D3-BF4B-00C04F79EFBC}") = "DayCounterChip", "DayCounterChip\DayCounterChip.csproj", "{53991308-A9CD-4DE5-B433-5F8A2EFBBBE5}"
EndProject
Project("{FAE04EC0-301F-11D3-BF4B-00C04F79EFBC}") = "LifePodRemastered", "EscapePodSpawnChanges\LifePodRemastered.csproj", "{B1429F5D-A1B5-455D-A555-71099823A41F}"
EndProject
Project("{FAE04EC0-301F-11D3-BF4B-00C04F79EFBC}") = "StartLocation", "Test(WILL DELETE)\StartLocation.csproj", "{46DD15FA-61A6-44C5-A695-A726068546B5}"
EndProject
Global
	GlobalSection(SolutionConfigurationPlatforms) = preSolution
		Debug|Any CPU = Debug|Any CPU
		Release|Any CPU = Release|Any CPU
	EndGlobalSection
	GlobalSection(ProjectConfigurationPlatforms) = postSolution
		{4C400145-1A68-4DA3-B3D5-A1D7C6BEBFB8}.Debug|Any CPU.ActiveCfg = Debug|Any CPU
		{4C400145-1A68-4DA3-B3D5-A1D7C6BEBFB8}.Debug|Any CPU.Build.0 = Debug|Any CPU
		{4C400145-1A68-4DA3-B3D5-A1D7C6BEBFB8}.Release|Any CPU.ActiveCfg = Release|Any CPU
		{4C400145-1A68-4DA3-B3D5-A1D7C6BEBFB8}.Release|Any CPU.Build.0 = Release|Any CPU
		{53991308-A9CD-4DE5-B433-5F8A2EFBBBE5}.Debug|Any CPU.ActiveCfg = Debug|Any CPU
		{53991308-A9CD-4DE5-B433-5F8A2EFBBBE5}.Debug|Any CPU.Build.0 = Debug|Any CPU
		{53991308-A9CD-4DE5-B433-5F8A2EFBBBE5}.Release|Any CPU.ActiveCfg = Release|Any CPU
		{53991308-A9CD-4DE5-B433-5F8A2EFBBBE5}.Release|Any CPU.Build.0 = Release|Any CPU
		{B1429F5D-A1B5-455D-A555-71099823A41F}.Debug|Any CPU.ActiveCfg = Debug|Any CPU
		{B1429F5D-A1B5-455D-A555-71099823A41F}.Debug|Any CPU.Build.0 = Debug|Any CPU
		{B1429F5D-A1B5-455D-A555-71099823A41F}.Release|Any CPU.ActiveCfg = Release|Any CPU
		{B1429F5D-A1B5-455D-A555-71099823A41F}.Release|Any CPU.Build.0 = Release|Any CPU
		{46DD15FA-61A6-44C5-A695-A726068546B5}.Debug|Any CPU.ActiveCfg = Debug|Any CPU
		{46DD15FA-61A6-44C5-A695-A726068546B5}.Debug|Any CPU.Build.0 = Debug|Any CPU
		{46DD15FA-61A6-44C5-A695-A726068546B5}.Release|Any CPU.ActiveCfg = Release|Any CPU
		{46DD15FA-61A6-44C5-A695-A726068546B5}.Release|Any CPU.Build.0 = Release|Any CPU
	EndGlobalSection
	GlobalSection(SolutionProperties) = preSolution
		HideSolutionNode = FALSE
	EndGlobalSection
	GlobalSection(ExtensibilityGlobals) = postSolution
		SolutionGuid = {CFB7B08D-5943-44AD-8AEC-A560B2BE4B22}
	EndGlobalSection
EndGlobal
